
Microsoft Visual Studio Solution File, Format Version 12.00
# Visual Studio Version 17
VisualStudioVersion = 17.10.34928.147
MinimumVisualStudioVersion = 10.0.40219.1
Project("{FAE04EC0-301F-11D3-BF4B-00C04F79EFBC}") = "BookManager", "BookManager\BookManager.csproj", "{2AE24A82-FF1D-4398-9290-EAD677D13CAA}"
EndProject
Global
	GlobalSection(SolutionConfigurationPlatforms) = preSolution
		Debug|Any CPU = Debug|Any CPU
		Release|Any CPU = Release|Any CPU
	EndGlobalSection
	GlobalSection(ProjectConfigurationPlatforms) = postSolution
		{2AE24A82-FF1D-4398-9290-EAD677D13CAA}.Debug|Any CPU.ActiveCfg = Debug|Any CPU
		{2AE24A82-FF1D-4398-9290-EAD677D13CAA}.Debug|Any CPU.Build.0 = Debug|Any CPU
		{2AE24A82-FF1D-4398-9290-EAD677D13CAA}.Release|Any CPU.ActiveCfg = Release|Any CPU
		{2AE24A82-FF1D-4398-9290-EAD677D13CAA}.Release|Any CPU.Build.0 = Release|Any CPU
	EndGlobalSection
	GlobalSection(SolutionProperties) = preSolution
		HideSolutionNode = FALSE
	EndGlobalSection
	GlobalSection(ExtensibilityGlobals) = postSolution
		SolutionGuid = {D69AF489-5C85-4169-A270-B1BE07769055}
	EndGlobalSection
EndGlobal
